
Microsoft Visual Studio Solution File, Format Version 12.00
# Visual Studio Version 17
VisualStudioVersion = 17.14.36414.22
MinimumVisualStudioVersion = 10.0.40219.1
Project("{FAE04EC0-301F-11D3-BF4B-00C04F79EFBC}") = "WebForm", "WebForm\WebForm.csproj", "{AFA1E8AF-A282-481D-8869-A538ADC7E2BF}"
EndProject
Project("{FAE04EC0-301F-11D3-BF4B-00C04F79EFBC}") = "WebMVCDEMO", "MvcDEMO\WebMVCDEMO.csproj", "{658FF9D9-1B8B-4BAE-A4B7-DC40D73E35BE}"
EndProject
Project("{FAE04EC0-301F-11D3-BF4B-00C04F79EFBC}") = "WebApiDemo", "WebApiDemo\WebApiDemo.csproj", "{02F0DD83-06A5-4B3A-AAB6-5AD4660CD912}"
EndProject
Project("{FAE04EC0-301F-11D3-BF4B-00C04F79EFBC}") = "Day16_.NetCore 8_WebApi", "Day16_.NetCore 8_WebApi\Day16_.NetCore 8_WebApi.csproj", "{AA8A8483-53C8-4141-B314-2757E590748B}"
EndProject
Project("{FAE04EC0-301F-11D3-BF4B-00C04F79EFBC}") = "Day17WebApiCore8", "Day17WebApiCore8\Day17WebApiCore8.csproj", "{5ADDB3FB-78BC-46AC-A1E7-6C3F893E1815}"
EndProject
Project("{FAE04EC0-301F-11D3-BF4B-00C04F79EFBC}") = "Day17WebApiCore9", "Day17WebApiCore9\Day17WebApiCore9.csproj", "{F616AEB4-DBC9-4BA6-8DAB-A97965A4A5ED}"
EndProject
Project("{FAE04EC0-301F-11D3-BF4B-00C04F79EFBC}") = "Day18CodeFirstLab", "Day18CodeFirstLab\Day18CodeFirstLab.csproj", "{5E3FF74D-F723-4182-A263-236BFB72B195}"
EndProject
Project("{FAE04EC0-301F-11D3-BF4B-00C04F79EFBC}") = "Day18WebApiDBFirstLab", "Day18WebApiCodeFirstLab\Day18WebApiDBFirstLab.csproj", "{D7A32A7D-B013-4A7A-968E-4F2A52E6E9D3}"
EndProject
Project("{FAE04EC0-301F-11D3-BF4B-00C04F79EFBC}") = "Day18WizardLab", "Day18WizardLab\Day18WizardLab.csproj", "{F4FDE0E5-6B6F-4352-891E-9700DF4F5516}"
EndProject
Project("{FAE04EC0-301F-11D3-BF4B-00C04F79EFBC}") = "Day18LabQuery", "Day18LabQuery\Day18LabQuery.csproj", "{C32D1E60-2315-4D8F-A538-4D045BC88DA3}"
EndProject
Project("{FAE04EC0-301F-11D3-BF4B-00C04F79EFBC}") = "EventDay19Lab", "EventDay19Lab\EventDay19Lab.csproj", "{5DD75A00-42DA-46DD-8FFC-BFB19CB645A0}"
EndProject
Project("{FAE04EC0-301F-11D3-BF4B-00C04F79EFBC}") = "Day19WinFormEventLab", "Day19WinFormEventLab\Day19WinFormEventLab.csproj", "{9818B1B4-97D5-45EB-90B0-DA395DF7CB57}"
EndProject
Project("{FAE04EC0-301F-11D3-BF4B-00C04F79EFBC}") = "Day19EventDemoLab", "Day19EventDemoLab\Day19EventDemoLab.csproj", "{BDA8944E-84D7-4A79-89D4-25B8EBBFB599}"
EndProject
Project("{FAE04EC0-301F-11D3-BF4B-00C04F79EFBC}") = "Day19LabAsyncDemo", "AsyncDemoDay19Lab\Day19LabAsyncDemo.csproj", "{FC8593B8-1BE9-4C76-BEC1-5FDA85AC50D2}"
EndProject
Project("{FAE04EC0-301F-11D3-BF4B-00C04F79EFBC}") = "Day19WebApiLab", "Day19WebApiLab\Day19WebApiLab.csproj", "{F7069E57-0089-4E65-8C66-7C41A3D67203}"
EndProject
Project("{FAE04EC0-301F-11D3-BF4B-00C04F79EFBC}") = "Day20WebApiLab", "Day20WebApiLab\Day20WebApiLab.csproj", "{75B20A2E-CA45-4278-B0D4-1AB48187F8D7}"
EndProject
Project("{FAE04EC0-301F-11D3-BF4B-00C04F79EFBC}") = "Day21WebApiLab", "Day21WebApiLab\Day21WebApiLab.csproj", "{467E41C5-2955-4ECC-A6E4-B98981A42D37}"
EndProject
Project("{FAE04EC0-301F-11D3-BF4B-00C04F79EFBC}") = "0ConsumingConsole", "0ConsumingConsole\0ConsumingConsole.csproj", "{E5762D90-6175-4B71-8D23-C8C2892B3324}"
EndProject
Project("{FAE04EC0-301F-11D3-BF4B-00C04F79EFBC}") = "0ConsumingWinForm", "0ConsumingWinForm\0ConsumingWinForm.csproj", "{72278A40-6FBB-41A0-BBAF-50E0FFBC3EE7}"
EndProject
Project("{FAE04EC0-301F-11D3-BF4B-00C04F79EFBC}") = "0ConsumingWebApp", "0ConsumingWebApp\0ConsumingWebApp.csproj", "{937F80F0-ED31-4AC1-B064-49B68A013597}"
EndProject
Global
	GlobalSection(SolutionConfigurationPlatforms) = preSolution
		Debug|Any CPU = Debug|Any CPU
		Release|Any CPU = Release|Any CPU
	EndGlobalSection
	GlobalSection(ProjectConfigurationPlatforms) = postSolution
		{AFA1E8AF-A282-481D-8869-A538ADC7E2BF}.Debug|Any CPU.ActiveCfg = Debug|Any CPU
		{AFA1E8AF-A282-481D-8869-A538ADC7E2BF}.Debug|Any CPU.Build.0 = Debug|Any CPU
		{AFA1E8AF-A282-481D-8869-A538ADC7E2BF}.Release|Any CPU.ActiveCfg = Release|Any CPU
		{AFA1E8AF-A282-481D-8869-A538ADC7E2BF}.Release|Any CPU.Build.0 = Release|Any CPU
		{658FF9D9-1B8B-4BAE-A4B7-DC40D73E35BE}.Debug|Any CPU.ActiveCfg = Debug|Any CPU
		{658FF9D9-1B8B-4BAE-A4B7-DC40D73E35BE}.Debug|Any CPU.Build.0 = Debug|Any CPU
		{658FF9D9-1B8B-4BAE-A4B7-DC40D73E35BE}.Release|Any CPU.ActiveCfg = Release|Any CPU
		{658FF9D9-1B8B-4BAE-A4B7-DC40D73E35BE}.Release|Any CPU.Build.0 = Release|Any CPU
		{02F0DD83-06A5-4B3A-AAB6-5AD4660CD912}.Debug|Any CPU.ActiveCfg = Debug|Any CPU
		{02F0DD83-06A5-4B3A-AAB6-5AD4660CD912}.Debug|Any CPU.Build.0 = Debug|Any CPU
		{02F0DD83-06A5-4B3A-AAB6-5AD4660CD912}.Release|Any CPU.ActiveCfg = Release|Any CPU
		{02F0DD83-06A5-4B3A-AAB6-5AD4660CD912}.Release|Any CPU.Build.0 = Release|Any CPU
		{AA8A8483-53C8-4141-B314-2757E590748B}.Debug|Any CPU.ActiveCfg = Debug|Any CPU
		{AA8A8483-53C8-4141-B314-2757E590748B}.Debug|Any CPU.Build.0 = Debug|Any CPU
		{AA8A8483-53C8-4141-B314-2757E590748B}.Release|Any CPU.ActiveCfg = Release|Any CPU
		{AA8A8483-53C8-4141-B314-2757E590748B}.Release|Any CPU.Build.0 = Release|Any CPU
		{5ADDB3FB-78BC-46AC-A1E7-6C3F893E1815}.Debug|Any CPU.ActiveCfg = Debug|Any CPU
		{5ADDB3FB-78BC-46AC-A1E7-6C3F893E1815}.Debug|Any CPU.Build.0 = Debug|Any CPU
		{5ADDB3FB-78BC-46AC-A1E7-6C3F893E1815}.Release|Any CPU.ActiveCfg = Release|Any CPU
		{5ADDB3FB-78BC-46AC-A1E7-6C3F893E1815}.Release|Any CPU.Build.0 = Release|Any CPU
		{F616AEB4-DBC9-4BA6-8DAB-A97965A4A5ED}.Debug|Any CPU.ActiveCfg = Debug|Any CPU
		{F616AEB4-DBC9-4BA6-8DAB-A97965A4A5ED}.Debug|Any CPU.Build.0 = Debug|Any CPU
		{F616AEB4-DBC9-4BA6-8DAB-A97965A4A5ED}.Release|Any CPU.ActiveCfg = Release|Any CPU
		{F616AEB4-DBC9-4BA6-8DAB-A97965A4A5ED}.Release|Any CPU.Build.0 = Release|Any CPU
		{5E3FF74D-F723-4182-A263-236BFB72B195}.Debug|Any CPU.ActiveCfg = Debug|Any CPU
		{5E3FF74D-F723-4182-A263-236BFB72B195}.Debug|Any CPU.Build.0 = Debug|Any CPU
		{5E3FF74D-F723-4182-A263-236BFB72B195}.Release|Any CPU.ActiveCfg = Release|Any CPU
		{5E3FF74D-F723-4182-A263-236BFB72B195}.Release|Any CPU.Build.0 = Release|Any CPU
		{D7A32A7D-B013-4A7A-968E-4F2A52E6E9D3}.Debug|Any CPU.ActiveCfg = Debug|Any CPU
		{D7A32A7D-B013-4A7A-968E-4F2A52E6E9D3}.Debug|Any CPU.Build.0 = Debug|Any CPU
		{D7A32A7D-B013-4A7A-968E-4F2A52E6E9D3}.Release|Any CPU.ActiveCfg = Release|Any CPU
		{D7A32A7D-B013-4A7A-968E-4F2A52E6E9D3}.Release|Any CPU.Build.0 = Release|Any CPU
		{F4FDE0E5-6B6F-4352-891E-9700DF4F5516}.Debug|Any CPU.ActiveCfg = Debug|Any CPU
		{F4FDE0E5-6B6F-4352-891E-9700DF4F5516}.Debug|Any CPU.Build.0 = Debug|Any CPU
		{F4FDE0E5-6B6F-4352-891E-9700DF4F5516}.Release|Any CPU.ActiveCfg = Release|Any CPU
		{F4FDE0E5-6B6F-4352-891E-9700DF4F5516}.Release|Any CPU.Build.0 = Release|Any CPU
		{C32D1E60-2315-4D8F-A538-4D045BC88DA3}.Debug|Any CPU.ActiveCfg = Debug|Any CPU
		{C32D1E60-2315-4D8F-A538-4D045BC88DA3}.Debug|Any CPU.Build.0 = Debug|Any CPU
		{C32D1E60-2315-4D8F-A538-4D045BC88DA3}.Release|Any CPU.ActiveCfg = Release|Any CPU
		{C32D1E60-2315-4D8F-A538-4D045BC88DA3}.Release|Any CPU.Build.0 = Release|Any CPU
		{5DD75A00-42DA-46DD-8FFC-BFB19CB645A0}.Debug|Any CPU.ActiveCfg = Debug|Any CPU
		{5DD75A00-42DA-46DD-8FFC-BFB19CB645A0}.Debug|Any CPU.Build.0 = Debug|Any CPU
		{5DD75A00-42DA-46DD-8FFC-BFB19CB645A0}.Release|Any CPU.ActiveCfg = Release|Any CPU
		{5DD75A00-42DA-46DD-8FFC-BFB19CB645A0}.Release|Any CPU.Build.0 = Release|Any CPU
		{9818B1B4-97D5-45EB-90B0-DA395DF7CB57}.Debug|Any CPU.ActiveCfg = Debug|Any CPU
		{9818B1B4-97D5-45EB-90B0-DA395DF7CB57}.Debug|Any CPU.Build.0 = Debug|Any CPU
		{9818B1B4-97D5-45EB-90B0-DA395DF7CB57}.Release|Any CPU.ActiveCfg = Release|Any CPU
		{9818B1B4-97D5-45EB-90B0-DA395DF7CB57}.Release|Any CPU.Build.0 = Release|Any CPU
		{BDA8944E-84D7-4A79-89D4-25B8EBBFB599}.Debug|Any CPU.ActiveCfg = Debug|Any CPU
		{BDA8944E-84D7-4A79-89D4-25B8EBBFB599}.Debug|Any CPU.Build.0 = Debug|Any CPU
		{BDA8944E-84D7-4A79-89D4-25B8EBBFB599}.Release|Any CPU.ActiveCfg = Release|Any CPU
		{BDA8944E-84D7-4A79-89D4-25B8EBBFB599}.Release|Any CPU.Build.0 = Release|Any CPU
		{FC8593B8-1BE9-4C76-BEC1-5FDA85AC50D2}.Debug|Any CPU.ActiveCfg = Debug|Any CPU
		{FC8593B8-1BE9-4C76-BEC1-5FDA85AC50D2}.Debug|Any CPU.Build.0 = Debug|Any CPU
		{FC8593B8-1BE9-4C76-BEC1-5FDA85AC50D2}.Release|Any CPU.ActiveCfg = Release|Any CPU
		{FC8593B8-1BE9-4C76-BEC1-5FDA85AC50D2}.Release|Any CPU.Build.0 = Release|Any CPU
		{F7069E57-0089-4E65-8C66-7C41A3D67203}.Debug|Any CPU.ActiveCfg = Debug|Any CPU
		{F7069E57-0089-4E65-8C66-7C41A3D67203}.Debug|Any CPU.Build.0 = Debug|Any CPU
		{F7069E57-0089-4E65-8C66-7C41A3D67203}.Release|Any CPU.ActiveCfg = Release|Any CPU
		{F7069E57-0089-4E65-8C66-7C41A3D67203}.Release|Any CPU.Build.0 = Release|Any CPU
		{75B20A2E-CA45-4278-B0D4-1AB48187F8D7}.Debug|Any CPU.ActiveCfg = Debug|Any CPU
		{75B20A2E-CA45-4278-B0D4-1AB48187F8D7}.Debug|Any CPU.Build.0 = Debug|Any CPU
		{75B20A2E-CA45-4278-B0D4-1AB48187F8D7}.Release|Any CPU.ActiveCfg = Release|Any CPU
		{75B20A2E-CA45-4278-B0D4-1AB48187F8D7}.Release|Any CPU.Build.0 = Release|Any CPU
		{467E41C5-2955-4ECC-A6E4-B98981A42D37}.Debug|Any CPU.ActiveCfg = Debug|Any CPU
		{467E41C5-2955-4ECC-A6E4-B98981A42D37}.Debug|Any CPU.Build.0 = Debug|Any CPU
		{467E41C5-2955-4ECC-A6E4-B98981A42D37}.Release|Any CPU.ActiveCfg = Release|Any CPU
		{467E41C5-2955-4ECC-A6E4-B98981A42D37}.Release|Any CPU.Build.0 = Release|Any CPU
		{E5762D90-6175-4B71-8D23-C8C2892B3324}.Debug|Any CPU.ActiveCfg = Debug|Any CPU
		{E5762D90-6175-4B71-8D23-C8C2892B3324}.Debug|Any CPU.Build.0 = Debug|Any CPU
		{E5762D90-6175-4B71-8D23-C8C2892B3324}.Release|Any CPU.ActiveCfg = Release|Any CPU
		{E5762D90-6175-4B71-8D23-C8C2892B3324}.Release|Any CPU.Build.0 = Release|Any CPU
		{72278A40-6FBB-41A0-BBAF-50E0FFBC3EE7}.Debug|Any CPU.ActiveCfg = Debug|Any CPU
		{72278A40-6FBB-41A0-BBAF-50E0FFBC3EE7}.Debug|Any CPU.Build.0 = Debug|Any CPU
		{72278A40-6FBB-41A0-BBAF-50E0FFBC3EE7}.Release|Any CPU.ActiveCfg = Release|Any CPU
		{72278A40-6FBB-41A0-BBAF-50E0FFBC3EE7}.Release|Any CPU.Build.0 = Release|Any CPU
		{937F80F0-ED31-4AC1-B064-49B68A013597}.Debug|Any CPU.ActiveCfg = Debug|Any CPU
		{937F80F0-ED31-4AC1-B064-49B68A013597}.Debug|Any CPU.Build.0 = Debug|Any CPU
		{937F80F0-ED31-4AC1-B064-49B68A013597}.Release|Any CPU.ActiveCfg = Release|Any CPU
		{937F80F0-ED31-4AC1-B064-49B68A013597}.Release|Any CPU.Build.0 = Release|Any CPU
	EndGlobalSection
	GlobalSection(SolutionProperties) = preSolution
		HideSolutionNode = FALSE
	EndGlobalSection
	GlobalSection(ExtensibilityGlobals) = postSolution
		SolutionGuid = {FAA73D06-33A4-43BE-9645-DE235DF54636}
	EndGlobalSection
EndGlobal
